
Microsoft Visual Studio Solution File, Format Version 12.00
# Visual Studio Version 16
VisualStudioVersion = 16.0.29306.81
MinimumVisualStudioVersion = 10.0.40219.1
Project("{FAE04EC0-301F-11D3-BF4B-00C04F79EFBC}") = "Couple Animals", "Couple Animals\Couple Animals.csproj", "{DAC0DAAE-9832-4F4C-8D16-C99702DBB0C9}"
EndProject
Global
	GlobalSection(SolutionConfigurationPlatforms) = preSolution
		Debug|Any CPU = Debug|Any CPU
		Release|Any CPU = Release|Any CPU
	EndGlobalSection
	GlobalSection(ProjectConfigurationPlatforms) = postSolution
		{DAC0DAAE-9832-4F4C-8D16-C99702DBB0C9}.Debug|Any CPU.ActiveCfg = Debug|Any CPU
		{DAC0DAAE-9832-4F4C-8D16-C99702DBB0C9}.Debug|Any CPU.Build.0 = Debug|Any CPU
		{DAC0DAAE-9832-4F4C-8D16-C99702DBB0C9}.Release|Any CPU.ActiveCfg = Release|Any CPU
		{DAC0DAAE-9832-4F4C-8D16-C99702DBB0C9}.Release|Any CPU.Build.0 = Release|Any CPU
	EndGlobalSection
	GlobalSection(SolutionProperties) = preSolution
		HideSolutionNode = FALSE
	EndGlobalSection
	GlobalSection(ExtensibilityGlobals) = postSolution
		SolutionGuid = {51423E09-5635-4ECE-99CC-6B15479C5512}
	EndGlobalSection
EndGlobal
