
Microsoft Visual Studio Solution File, Format Version 12.00
# Visual Studio Version 16
VisualStudioVersion = 16.0.29306.81
MinimumVisualStudioVersion = 10.0.40219.1
Project("{FAE04EC0-301F-11D3-BF4B-00C04F79EFBC}") = "Arrays and Function", "Arrays and Function\Arrays and Function.csproj", "{3346EE57-6B95-43C4-A0F5-7DF0647BA8D5}"
EndProject
Global
	GlobalSection(SolutionConfigurationPlatforms) = preSolution
		Debug|Any CPU = Debug|Any CPU
		Release|Any CPU = Release|Any CPU
	EndGlobalSection
	GlobalSection(ProjectConfigurationPlatforms) = postSolution
		{3346EE57-6B95-43C4-A0F5-7DF0647BA8D5}.Debug|Any CPU.ActiveCfg = Debug|Any CPU
		{3346EE57-6B95-43C4-A0F5-7DF0647BA8D5}.Debug|Any CPU.Build.0 = Debug|Any CPU
		{3346EE57-6B95-43C4-A0F5-7DF0647BA8D5}.Release|Any CPU.ActiveCfg = Release|Any CPU
		{3346EE57-6B95-43C4-A0F5-7DF0647BA8D5}.Release|Any CPU.Build.0 = Release|Any CPU
	EndGlobalSection
	GlobalSection(SolutionProperties) = preSolution
		HideSolutionNode = FALSE
	EndGlobalSection
	GlobalSection(ExtensibilityGlobals) = postSolution
		SolutionGuid = {3CB59ED1-0FF4-477F-8C1B-4881AB47A894}
	EndGlobalSection
EndGlobal
