
Microsoft Visual Studio Solution File, Format Version 12.00
# Visual Studio Version 16
VisualStudioVersion = 16.0.29306.81
MinimumVisualStudioVersion = 10.0.40219.1
Project("{FAE04EC0-301F-11D3-BF4B-00C04F79EFBC}") = "The Garden Application", "The Garden Application\The Garden Application.csproj", "{39005981-218F-422A-B904-CD2A859BF12E}"
EndProject
Global
	GlobalSection(SolutionConfigurationPlatforms) = preSolution
		Debug|Any CPU = Debug|Any CPU
		Release|Any CPU = Release|Any CPU
	EndGlobalSection
	GlobalSection(ProjectConfigurationPlatforms) = postSolution
		{39005981-218F-422A-B904-CD2A859BF12E}.Debug|Any CPU.ActiveCfg = Debug|Any CPU
		{39005981-218F-422A-B904-CD2A859BF12E}.Debug|Any CPU.Build.0 = Debug|Any CPU
		{39005981-218F-422A-B904-CD2A859BF12E}.Release|Any CPU.ActiveCfg = Release|Any CPU
		{39005981-218F-422A-B904-CD2A859BF12E}.Release|Any CPU.Build.0 = Release|Any CPU
	EndGlobalSection
	GlobalSection(SolutionProperties) = preSolution
		HideSolutionNode = FALSE
	EndGlobalSection
	GlobalSection(ExtensibilityGlobals) = postSolution
		SolutionGuid = {B326A8E5-D063-4533-945D-C34047016B66}
	EndGlobalSection
EndGlobal
